{
  "pins" : [
    {
      "identity" : "purchases-hybrid-common",
      "kind" : "remoteSourceControl",
      "location" : "https://github.com/RevenueCat/purchases-hybrid-common.git",
      "state" : {
        "revision" : "ef64243380d6880e94e3aa16fd272c97c9fccdf9",
        "version" : "19.3.1"
      }
    },
    {
      "identity" : "purchases-ios-spm",
      "kind" : "remoteSourceControl",
      "location" : "https://github.com/RevenueCat/purchases-ios-spm",
      "state" : {
        "revision" : "4faa17c4a290954fbdbf8f8a6bf0f58e48a8256c",
        "version" : "5.90.2"
      }
    }
  ],
  "version" : 2
}
